
Microsoft Visual Studio Solution File, Format Version 12.00
# Visual Studio 15
VisualStudioVersion = 15.0.27428.2015
MinimumVisualStudioVersion = 10.0.40219.1
Project("{2150E333-8FDC-42A3-9474-1A3956D46DE8}") = "1 Core and SnapIn", "1 Core and SnapIn", "{FA898198-2E8D-4145-A46A-0BD4C550898A}"
EndProject
Project("{2150E333-8FDC-42A3-9474-1A3956D46DE8}") = "5 Internal Testing", "5 Internal Testing", "{A6152E38-F30F-402C-A311-7FC87276A134}"
EndProject
Project("{2150E333-8FDC-42A3-9474-1A3956D46DE8}") = "6 Deploy", "6 Deploy", "{711FD2DB-FD35-424A-9213-1EE6138054BD}"
	ProjectSection(SolutionItems) = preProject
		NetSqlAzMan_Solution\ReadMe.txt = NetSqlAzMan_Solution\ReadMe.txt
	EndProjectSection
EndProject
Project("{FAE04EC0-301F-11D3-BF4B-00C04F79EFBC}") = "DirectoryObjectPicker", "NetSqlAzMan_Solution\CubicOrange.Windows.Forms.ActiveDirectory\DirectoryObjectPicker.csproj", "{AD25BE24-8A42-44E0-9588-3767F572C338}"
EndProject
Project("{FAE04EC0-301F-11D3-BF4B-00C04F79EFBC}") = "NetSqlAzMan.CustomBussinessLogic", "NetSqlAzMan_Custom\NetSqlAzMan.CustomBussinessLogic\NetSqlAzMan.CustomBussinessLogic.csproj", "{898CBDAE-617F-4EAB-95B2-592443ACBCF4}"
EndProject
Project("{2150E333-8FDC-42A3-9474-1A3956D46DE8}") = "0 Custom Core", "0 Custom Core", "{0429B160-F2E6-40E2-99C1-C56CEB83812A}"
EndProject
Project("{2150E333-8FDC-42A3-9474-1A3956D46DE8}") = "0 Custom Services", "0 Custom Services", "{16C4F7D2-A08C-42B3-8949-E6738A2D8254}"
EndProject
Project("{FAE04EC0-301F-11D3-BF4B-00C04F79EFBC}") = "NetSqlAzMan.ServiceBusinessObjects", "..\NetSqlAzMan-ServiceExtensions\NetSqlAzMan.ServiceBusinessObjects\NetSqlAzMan.ServiceBusinessObjects.csproj", "{304AE7FC-D45A-4B9B-B070-8579FEAFD3EF}"
EndProject
Project("{FAE04EC0-301F-11D3-BF4B-00C04F79EFBC}") = "NetSqlAzMan.2", "NetSqlAzMan_Solution\NetSqlAzMan.2\NetSqlAzMan.2.csproj", "{49CB5903-F446-4926-8FDA-3AB96DFEE099}"
EndProject
Project("{FAE04EC0-301F-11D3-BF4B-00C04F79EFBC}") = "NetSqlAzMan.2_WinTest", "NetSqlAzMan_Solution\NetSqlAzMan.2_WinTest\NetSqlAzMan.2_WinTest.csproj", "{A41AD2E4-E5BF-4440-94C6-B582CB3F1C3E}"
EndProject
Project("{FAE04EC0-301F-11D3-BF4B-00C04F79EFBC}") = "NetSqlAzMan.SnapIn.2", "NetSqlAzMan_Solution\NetSqlAzMan.SnapIn.2\NetSqlAzMan.SnapIn.2.csproj", "{AADFE4DC-DB56-4B4B-820E-2ED66AF417E8}"
EndProject
Project("{FAE04EC0-301F-11D3-BF4B-00C04F79EFBC}") = "NetSqlAzMan.CustomDataLayer", "NetSqlAzMan_Custom\NetSqlAzMan.CustomData\NetSqlAzMan.CustomDataLayer.csproj", "{A2B9A650-C613-445C-BE0B-F10EAF5713D4}"
EndProject
Project("{FAE04EC0-301F-11D3-BF4B-00C04F79EFBC}") = "NetSqlAzMan.CustomDataLayer.TestUI", "NetSqlAzMan_Custom\NetSqlAzMan.CustomData.TestUI\NetSqlAzMan.CustomDataLayer.TestUI.csproj", "{DC444171-994E-4245-A01D-372987791F77}"
EndProject
Project("{FAE04EC0-301F-11D3-BF4B-00C04F79EFBC}") = "NetSqlAzMan.CustomBussinessLogic.TestUI", "NetSqlAzMan_Custom\NetSqlAzMan.CustomBussinessLogic.TestUI\NetSqlAzMan.CustomBussinessLogic.TestUI.csproj", "{6A5A86D1-0A4B-469C-B740-9D45808D84F3}"
EndProject
Global
	GlobalSection(SolutionConfigurationPlatforms) = preSolution
		Debug|.NET = Debug|.NET
		Debug|Any CPU = Debug|Any CPU
		Debug|Mixed Platforms = Debug|Mixed Platforms
		Debug|Win32 = Debug|Win32
		Debug|x86 = Debug|x86
		Default|.NET = Default|.NET
		Default|Any CPU = Default|Any CPU
		Default|Mixed Platforms = Default|Mixed Platforms
		Default|Win32 = Default|Win32
		Default|x86 = Default|x86
		MSI Only|.NET = MSI Only|.NET
		MSI Only|Any CPU = MSI Only|Any CPU
		MSI Only|Mixed Platforms = MSI Only|Mixed Platforms
		MSI Only|Win32 = MSI Only|Win32
		MSI Only|x86 = MSI Only|x86
		Release|.NET = Release|.NET
		Release|Any CPU = Release|Any CPU
		Release|Mixed Platforms = Release|Mixed Platforms
		Release|Win32 = Release|Win32
		Release|x86 = Release|x86
	EndGlobalSection
	GlobalSection(ProjectConfigurationPlatforms) = postSolution
		{AD25BE24-8A42-44E0-9588-3767F572C338}.Debug|.NET.ActiveCfg = Debug|Any CPU
		{AD25BE24-8A42-44E0-9588-3767F572C338}.Debug|.NET.Build.0 = Debug|Any CPU
		{AD25BE24-8A42-44E0-9588-3767F572C338}.Debug|Any CPU.ActiveCfg = Debug|Any CPU
		{AD25BE24-8A42-44E0-9588-3767F572C338}.Debug|Any CPU.Build.0 = Debug|Any CPU
		{AD25BE24-8A42-44E0-9588-3767F572C338}.Debug|Mixed Platforms.ActiveCfg = Debug|Any CPU
		{AD25BE24-8A42-44E0-9588-3767F572C338}.Debug|Mixed Platforms.Build.0 = Debug|Any CPU
		{AD25BE24-8A42-44E0-9588-3767F572C338}.Debug|Win32.ActiveCfg = Debug|Any CPU
		{AD25BE24-8A42-44E0-9588-3767F572C338}.Debug|x86.ActiveCfg = Debug|Any CPU
		{AD25BE24-8A42-44E0-9588-3767F572C338}.Default|.NET.ActiveCfg = Debug|Any CPU
		{AD25BE24-8A42-44E0-9588-3767F572C338}.Default|Any CPU.ActiveCfg = Debug|Any CPU
		{AD25BE24-8A42-44E0-9588-3767F572C338}.Default|Any CPU.Build.0 = Debug|Any CPU
		{AD25BE24-8A42-44E0-9588-3767F572C338}.Default|Mixed Platforms.ActiveCfg = Debug|Any CPU
		{AD25BE24-8A42-44E0-9588-3767F572C338}.Default|Mixed Platforms.Build.0 = Debug|Any CPU
		{AD25BE24-8A42-44E0-9588-3767F572C338}.Default|Win32.ActiveCfg = Debug|Any CPU
		{AD25BE24-8A42-44E0-9588-3767F572C338}.Default|x86.ActiveCfg = Debug|Any CPU
		{AD25BE24-8A42-44E0-9588-3767F572C338}.MSI Only|.NET.ActiveCfg = Release|Any CPU
		{AD25BE24-8A42-44E0-9588-3767F572C338}.MSI Only|Any CPU.ActiveCfg = Release|Any CPU
		{AD25BE24-8A42-44E0-9588-3767F572C338}.MSI Only|Any CPU.Build.0 = Release|Any CPU
		{AD25BE24-8A42-44E0-9588-3767F572C338}.MSI Only|Mixed Platforms.ActiveCfg = Release|Any CPU
		{AD25BE24-8A42-44E0-9588-3767F572C338}.MSI Only|Mixed Platforms.Build.0 = Release|Any CPU
		{AD25BE24-8A42-44E0-9588-3767F572C338}.MSI Only|Win32.ActiveCfg = Release|Any CPU
		{AD25BE24-8A42-44E0-9588-3767F572C338}.MSI Only|x86.ActiveCfg = Release|Any CPU
		{AD25BE24-8A42-44E0-9588-3767F572C338}.Release|.NET.ActiveCfg = Release|Any CPU
		{AD25BE24-8A42-44E0-9588-3767F572C338}.Release|.NET.Build.0 = Release|Any CPU
		{AD25BE24-8A42-44E0-9588-3767F572C338}.Release|Any CPU.ActiveCfg = Release|Any CPU
		{AD25BE24-8A42-44E0-9588-3767F572C338}.Release|Any CPU.Build.0 = Release|Any CPU
		{AD25BE24-8A42-44E0-9588-3767F572C338}.Release|Mixed Platforms.ActiveCfg = Release|Any CPU
		{AD25BE24-8A42-44E0-9588-3767F572C338}.Release|Mixed Platforms.Build.0 = Release|Any CPU
		{AD25BE24-8A42-44E0-9588-3767F572C338}.Release|Win32.ActiveCfg = Release|Any CPU
		{AD25BE24-8A42-44E0-9588-3767F572C338}.Release|x86.ActiveCfg = Release|Any CPU
		{898CBDAE-617F-4EAB-95B2-592443ACBCF4}.Debug|.NET.ActiveCfg = Debug|Any CPU
		{898CBDAE-617F-4EAB-95B2-592443ACBCF4}.Debug|.NET.Build.0 = Debug|Any CPU
		{898CBDAE-617F-4EAB-95B2-592443ACBCF4}.Debug|Any CPU.ActiveCfg = Debug|Any CPU
		{898CBDAE-617F-4EAB-95B2-592443ACBCF4}.Debug|Any CPU.Build.0 = Debug|Any CPU
		{898CBDAE-617F-4EAB-95B2-592443ACBCF4}.Debug|Mixed Platforms.ActiveCfg = Debug|Any CPU
		{898CBDAE-617F-4EAB-95B2-592443ACBCF4}.Debug|Mixed Platforms.Build.0 = Debug|Any CPU
		{898CBDAE-617F-4EAB-95B2-592443ACBCF4}.Debug|Win32.ActiveCfg = Debug|Any CPU
		{898CBDAE-617F-4EAB-95B2-592443ACBCF4}.Debug|Win32.Build.0 = Debug|Any CPU
		{898CBDAE-617F-4EAB-95B2-592443ACBCF4}.Debug|x86.ActiveCfg = Debug|Any CPU
		{898CBDAE-617F-4EAB-95B2-592443ACBCF4}.Debug|x86.Build.0 = Debug|Any CPU
		{898CBDAE-617F-4EAB-95B2-592443ACBCF4}.Default|.NET.ActiveCfg = Debug|Any CPU
		{898CBDAE-617F-4EAB-95B2-592443ACBCF4}.Default|.NET.Build.0 = Debug|Any CPU
		{898CBDAE-617F-4EAB-95B2-592443ACBCF4}.Default|Any CPU.ActiveCfg = Debug|Any CPU
		{898CBDAE-617F-4EAB-95B2-592443ACBCF4}.Default|Any CPU.Build.0 = Debug|Any CPU
		{898CBDAE-617F-4EAB-95B2-592443ACBCF4}.Default|Mixed Platforms.ActiveCfg = Debug|Any CPU
		{898CBDAE-617F-4EAB-95B2-592443ACBCF4}.Default|Mixed Platforms.Build.0 = Debug|Any CPU
		{898CBDAE-617F-4EAB-95B2-592443ACBCF4}.Default|Win32.ActiveCfg = Debug|Any CPU
		{898CBDAE-617F-4EAB-95B2-592443ACBCF4}.Default|Win32.Build.0 = Debug|Any CPU
		{898CBDAE-617F-4EAB-95B2-592443ACBCF4}.Default|x86.ActiveCfg = Debug|Any CPU
		{898CBDAE-617F-4EAB-95B2-592443ACBCF4}.Default|x86.Build.0 = Debug|Any CPU
		{898CBDAE-617F-4EAB-95B2-592443ACBCF4}.MSI Only|.NET.ActiveCfg = Release|Any CPU
		{898CBDAE-617F-4EAB-95B2-592443ACBCF4}.MSI Only|.NET.Build.0 = Release|Any CPU
		{898CBDAE-617F-4EAB-95B2-592443ACBCF4}.MSI Only|Any CPU.ActiveCfg = Release|Any CPU
		{898CBDAE-617F-4EAB-95B2-592443ACBCF4}.MSI Only|Any CPU.Build.0 = Release|Any CPU
		{898CBDAE-617F-4EAB-95B2-592443ACBCF4}.MSI Only|Mixed Platforms.ActiveCfg = Release|Any CPU
		{898CBDAE-617F-4EAB-95B2-592443ACBCF4}.MSI Only|Mixed Platforms.Build.0 = Release|Any CPU
		{898CBDAE-617F-4EAB-95B2-592443ACBCF4}.MSI Only|Win32.ActiveCfg = Release|Any CPU
		{898CBDAE-617F-4EAB-95B2-592443ACBCF4}.MSI Only|Win32.Build.0 = Release|Any CPU
		{898CBDAE-617F-4EAB-95B2-592443ACBCF4}.MSI Only|x86.ActiveCfg = Release|Any CPU
		{898CBDAE-617F-4EAB-95B2-592443ACBCF4}.MSI Only|x86.Build.0 = Release|Any CPU
		{898CBDAE-617F-4EAB-95B2-592443ACBCF4}.Release|.NET.ActiveCfg = Release|Any CPU
		{898CBDAE-617F-4EAB-95B2-592443ACBCF4}.Release|.NET.Build.0 = Release|Any CPU
		{898CBDAE-617F-4EAB-95B2-592443ACBCF4}.Release|Any CPU.ActiveCfg = Release|Any CPU
		{898CBDAE-617F-4EAB-95B2-592443ACBCF4}.Release|Any CPU.Build.0 = Release|Any CPU
		{898CBDAE-617F-4EAB-95B2-592443ACBCF4}.Release|Mixed Platforms.ActiveCfg = Release|Any CPU
		{898CBDAE-617F-4EAB-95B2-592443ACBCF4}.Release|Mixed Platforms.Build.0 = Release|Any CPU
		{898CBDAE-617F-4EAB-95B2-592443ACBCF4}.Release|Win32.ActiveCfg = Release|Any CPU
		{898CBDAE-617F-4EAB-95B2-592443ACBCF4}.Release|Win32.Build.0 = Release|Any CPU
		{898CBDAE-617F-4EAB-95B2-592443ACBCF4}.Release|x86.ActiveCfg = Release|Any CPU
		{898CBDAE-617F-4EAB-95B2-592443ACBCF4}.Release|x86.Build.0 = Release|Any CPU
		{304AE7FC-D45A-4B9B-B070-8579FEAFD3EF}.Debug|.NET.ActiveCfg = Debug|Any CPU
		{304AE7FC-D45A-4B9B-B070-8579FEAFD3EF}.Debug|.NET.Build.0 = Debug|Any CPU
		{304AE7FC-D45A-4B9B-B070-8579FEAFD3EF}.Debug|Any CPU.ActiveCfg = Debug|Any CPU
		{304AE7FC-D45A-4B9B-B070-8579FEAFD3EF}.Debug|Any CPU.Build.0 = Debug|Any CPU
		{304AE7FC-D45A-4B9B-B070-8579FEAFD3EF}.Debug|Mixed Platforms.ActiveCfg = Debug|Any CPU
		{304AE7FC-D45A-4B9B-B070-8579FEAFD3EF}.Debug|Mixed Platforms.Build.0 = Debug|Any CPU
		{304AE7FC-D45A-4B9B-B070-8579FEAFD3EF}.Debug|Win32.ActiveCfg = Debug|Any CPU
		{304AE7FC-D45A-4B9B-B070-8579FEAFD3EF}.Debug|Win32.Build.0 = Debug|Any CPU
		{304AE7FC-D45A-4B9B-B070-8579FEAFD3EF}.Debug|x86.ActiveCfg = Debug|Any CPU
		{304AE7FC-D45A-4B9B-B070-8579FEAFD3EF}.Debug|x86.Build.0 = Debug|Any CPU
		{304AE7FC-D45A-4B9B-B070-8579FEAFD3EF}.Default|.NET.ActiveCfg = Debug|Any CPU
		{304AE7FC-D45A-4B9B-B070-8579FEAFD3EF}.Default|.NET.Build.0 = Debug|Any CPU
		{304AE7FC-D45A-4B9B-B070-8579FEAFD3EF}.Default|Any CPU.ActiveCfg = Debug|Any CPU
		{304AE7FC-D45A-4B9B-B070-8579FEAFD3EF}.Default|Any CPU.Build.0 = Debug|Any CPU
		{304AE7FC-D45A-4B9B-B070-8579FEAFD3EF}.Default|Mixed Platforms.ActiveCfg = Debug|Any CPU
		{304AE7FC-D45A-4B9B-B070-8579FEAFD3EF}.Default|Mixed Platforms.Build.0 = Debug|Any CPU
		{304AE7FC-D45A-4B9B-B070-8579FEAFD3EF}.Default|Win32.ActiveCfg = Debug|Any CPU
		{304AE7FC-D45A-4B9B-B070-8579FEAFD3EF}.Default|Win32.Build.0 = Debug|Any CPU
		{304AE7FC-D45A-4B9B-B070-8579FEAFD3EF}.Default|x86.ActiveCfg = Debug|Any CPU
		{304AE7FC-D45A-4B9B-B070-8579FEAFD3EF}.Default|x86.Build.0 = Debug|Any CPU
		{304AE7FC-D45A-4B9B-B070-8579FEAFD3EF}.MSI Only|.NET.ActiveCfg = Release|Any CPU
		{304AE7FC-D45A-4B9B-B070-8579FEAFD3EF}.MSI Only|.NET.Build.0 = Release|Any CPU
		{304AE7FC-D45A-4B9B-B070-8579FEAFD3EF}.MSI Only|Any CPU.ActiveCfg = Release|Any CPU
		{304AE7FC-D45A-4B9B-B070-8579FEAFD3EF}.MSI Only|Any CPU.Build.0 = Release|Any CPU
		{304AE7FC-D45A-4B9B-B070-8579FEAFD3EF}.MSI Only|Mixed Platforms.ActiveCfg = Release|Any CPU
		{304AE7FC-D45A-4B9B-B070-8579FEAFD3EF}.MSI Only|Mixed Platforms.Build.0 = Release|Any CPU
		{304AE7FC-D45A-4B9B-B070-8579FEAFD3EF}.MSI Only|Win32.ActiveCfg = Release|Any CPU
		{304AE7FC-D45A-4B9B-B070-8579FEAFD3EF}.MSI Only|Win32.Build.0 = Release|Any CPU
		{304AE7FC-D45A-4B9B-B070-8579FEAFD3EF}.MSI Only|x86.ActiveCfg = Release|Any CPU
		{304AE7FC-D45A-4B9B-B070-8579FEAFD3EF}.MSI Only|x86.Build.0 = Release|Any CPU
		{304AE7FC-D45A-4B9B-B070-8579FEAFD3EF}.Release|.NET.ActiveCfg = Release|Any CPU
		{304AE7FC-D45A-4B9B-B070-8579FEAFD3EF}.Release|.NET.Build.0 = Release|Any CPU
		{304AE7FC-D45A-4B9B-B070-8579FEAFD3EF}.Release|Any CPU.ActiveCfg = Release|Any CPU
		{304AE7FC-D45A-4B9B-B070-8579FEAFD3EF}.Release|Any CPU.Build.0 = Release|Any CPU
		{304AE7FC-D45A-4B9B-B070-8579FEAFD3EF}.Release|Mixed Platforms.ActiveCfg = Release|Any CPU
		{304AE7FC-D45A-4B9B-B070-8579FEAFD3EF}.Release|Mixed Platforms.Build.0 = Release|Any CPU
		{304AE7FC-D45A-4B9B-B070-8579FEAFD3EF}.Release|Win32.ActiveCfg = Release|Any CPU
		{304AE7FC-D45A-4B9B-B070-8579FEAFD3EF}.Release|Win32.Build.0 = Release|Any CPU
		{304AE7FC-D45A-4B9B-B070-8579FEAFD3EF}.Release|x86.ActiveCfg = Release|Any CPU
		{304AE7FC-D45A-4B9B-B070-8579FEAFD3EF}.Release|x86.Build.0 = Release|Any CPU
		{49CB5903-F446-4926-8FDA-3AB96DFEE099}.Debug|.NET.ActiveCfg = Debug|Any CPU
		{49CB5903-F446-4926-8FDA-3AB96DFEE099}.Debug|.NET.Build.0 = Debug|Any CPU
		{49CB5903-F446-4926-8FDA-3AB96DFEE099}.Debug|Any CPU.ActiveCfg = Debug|Any CPU
		{49CB5903-F446-4926-8FDA-3AB96DFEE099}.Debug|Any CPU.Build.0 = Debug|Any CPU
		{49CB5903-F446-4926-8FDA-3AB96DFEE099}.Debug|Mixed Platforms.ActiveCfg = Debug|x86
		{49CB5903-F446-4926-8FDA-3AB96DFEE099}.Debug|Mixed Platforms.Build.0 = Debug|x86
		{49CB5903-F446-4926-8FDA-3AB96DFEE099}.Debug|Win32.ActiveCfg = Debug|x86
		{49CB5903-F446-4926-8FDA-3AB96DFEE099}.Debug|Win32.Build.0 = Debug|x86
		{49CB5903-F446-4926-8FDA-3AB96DFEE099}.Debug|x86.ActiveCfg = Debug|x86
		{49CB5903-F446-4926-8FDA-3AB96DFEE099}.Debug|x86.Build.0 = Debug|x86
		{49CB5903-F446-4926-8FDA-3AB96DFEE099}.Default|.NET.ActiveCfg = Debug|Any CPU
		{49CB5903-F446-4926-8FDA-3AB96DFEE099}.Default|.NET.Build.0 = Debug|Any CPU
		{49CB5903-F446-4926-8FDA-3AB96DFEE099}.Default|Any CPU.ActiveCfg = Debug|Any CPU
		{49CB5903-F446-4926-8FDA-3AB96DFEE099}.Default|Any CPU.Build.0 = Debug|Any CPU
		{49CB5903-F446-4926-8FDA-3AB96DFEE099}.Default|Mixed Platforms.ActiveCfg = Debug|x86
		{49CB5903-F446-4926-8FDA-3AB96DFEE099}.Default|Mixed Platforms.Build.0 = Debug|x86
		{49CB5903-F446-4926-8FDA-3AB96DFEE099}.Default|Win32.ActiveCfg = Debug|x86
		{49CB5903-F446-4926-8FDA-3AB96DFEE099}.Default|Win32.Build.0 = Debug|x86
		{49CB5903-F446-4926-8FDA-3AB96DFEE099}.Default|x86.ActiveCfg = Debug|x86
		{49CB5903-F446-4926-8FDA-3AB96DFEE099}.Default|x86.Build.0 = Debug|x86
		{49CB5903-F446-4926-8FDA-3AB96DFEE099}.MSI Only|.NET.ActiveCfg = Release|Any CPU
		{49CB5903-F446-4926-8FDA-3AB96DFEE099}.MSI Only|.NET.Build.0 = Release|Any CPU
		{49CB5903-F446-4926-8FDA-3AB96DFEE099}.MSI Only|Any CPU.ActiveCfg = Release|Any CPU
		{49CB5903-F446-4926-8FDA-3AB96DFEE099}.MSI Only|Any CPU.Build.0 = Release|Any CPU
		{49CB5903-F446-4926-8FDA-3AB96DFEE099}.MSI Only|Mixed Platforms.ActiveCfg = Release|x86
		{49CB5903-F446-4926-8FDA-3AB96DFEE099}.MSI Only|Mixed Platforms.Build.0 = Release|x86
		{49CB5903-F446-4926-8FDA-3AB96DFEE099}.MSI Only|Win32.ActiveCfg = Release|x86
		{49CB5903-F446-4926-8FDA-3AB96DFEE099}.MSI Only|Win32.Build.0 = Release|x86
		{49CB5903-F446-4926-8FDA-3AB96DFEE099}.MSI Only|x86.ActiveCfg = Release|x86
		{49CB5903-F446-4926-8FDA-3AB96DFEE099}.MSI Only|x86.Build.0 = Release|x86
		{49CB5903-F446-4926-8FDA-3AB96DFEE099}.Release|.NET.ActiveCfg = Release|Any CPU
		{49CB5903-F446-4926-8FDA-3AB96DFEE099}.Release|.NET.Build.0 = Release|Any CPU
		{49CB5903-F446-4926-8FDA-3AB96DFEE099}.Release|Any CPU.ActiveCfg = Release|Any CPU
		{49CB5903-F446-4926-8FDA-3AB96DFEE099}.Release|Any CPU.Build.0 = Release|Any CPU
		{49CB5903-F446-4926-8FDA-3AB96DFEE099}.Release|Mixed Platforms.ActiveCfg = Release|x86
		{49CB5903-F446-4926-8FDA-3AB96DFEE099}.Release|Mixed Platforms.Build.0 = Release|x86
		{49CB5903-F446-4926-8FDA-3AB96DFEE099}.Release|Win32.ActiveCfg = Release|x86
		{49CB5903-F446-4926-8FDA-3AB96DFEE099}.Release|Win32.Build.0 = Release|x86
		{49CB5903-F446-4926-8FDA-3AB96DFEE099}.Release|x86.ActiveCfg = Release|x86
		{49CB5903-F446-4926-8FDA-3AB96DFEE099}.Release|x86.Build.0 = Release|x86
		{A41AD2E4-E5BF-4440-94C6-B582CB3F1C3E}.Debug|.NET.ActiveCfg = Debug|Any CPU
		{A41AD2E4-E5BF-4440-94C6-B582CB3F1C3E}.Debug|.NET.Build.0 = Debug|Any CPU
		{A41AD2E4-E5BF-4440-94C6-B582CB3F1C3E}.Debug|Any CPU.ActiveCfg = Debug|Any CPU
		{A41AD2E4-E5BF-4440-94C6-B582CB3F1C3E}.Debug|Any CPU.Build.0 = Debug|Any CPU
		{A41AD2E4-E5BF-4440-94C6-B582CB3F1C3E}.Debug|Mixed Platforms.ActiveCfg = Debug|Any CPU
		{A41AD2E4-E5BF-4440-94C6-B582CB3F1C3E}.Debug|Mixed Platforms.Build.0 = Debug|Any CPU
		{A41AD2E4-E5BF-4440-94C6-B582CB3F1C3E}.Debug|Win32.ActiveCfg = Debug|Any CPU
		{A41AD2E4-E5BF-4440-94C6-B582CB3F1C3E}.Debug|Win32.Build.0 = Debug|Any CPU
		{A41AD2E4-E5BF-4440-94C6-B582CB3F1C3E}.Debug|x86.ActiveCfg = Debug|Any CPU
		{A41AD2E4-E5BF-4440-94C6-B582CB3F1C3E}.Debug|x86.Build.0 = Debug|Any CPU
		{A41AD2E4-E5BF-4440-94C6-B582CB3F1C3E}.Default|.NET.ActiveCfg = Debug|Any CPU
		{A41AD2E4-E5BF-4440-94C6-B582CB3F1C3E}.Default|.NET.Build.0 = Debug|Any CPU
		{A41AD2E4-E5BF-4440-94C6-B582CB3F1C3E}.Default|Any CPU.ActiveCfg = Debug|Any CPU
		{A41AD2E4-E5BF-4440-94C6-B582CB3F1C3E}.Default|Any CPU.Build.0 = Debug|Any CPU
		{A41AD2E4-E5BF-4440-94C6-B582CB3F1C3E}.Default|Mixed Platforms.ActiveCfg = Debug|Any CPU
		{A41AD2E4-E5BF-4440-94C6-B582CB3F1C3E}.Default|Mixed Platforms.Build.0 = Debug|Any CPU
		{A41AD2E4-E5BF-4440-94C6-B582CB3F1C3E}.Default|Win32.ActiveCfg = Debug|Any CPU
		{A41AD2E4-E5BF-4440-94C6-B582CB3F1C3E}.Default|Win32.Build.0 = Debug|Any CPU
		{A41AD2E4-E5BF-4440-94C6-B582CB3F1C3E}.Default|x86.ActiveCfg = Debug|Any CPU
		{A41AD2E4-E5BF-4440-94C6-B582CB3F1C3E}.Default|x86.Build.0 = Debug|Any CPU
		{A41AD2E4-E5BF-4440-94C6-B582CB3F1C3E}.MSI Only|.NET.ActiveCfg = Release|Any CPU
		{A41AD2E4-E5BF-4440-94C6-B582CB3F1C3E}.MSI Only|.NET.Build.0 = Release|Any CPU
		{A41AD2E4-E5BF-4440-94C6-B582CB3F1C3E}.MSI Only|Any CPU.ActiveCfg = Release|Any CPU
		{A41AD2E4-E5BF-4440-94C6-B582CB3F1C3E}.MSI Only|Any CPU.Build.0 = Release|Any CPU
		{A41AD2E4-E5BF-4440-94C6-B582CB3F1C3E}.MSI Only|Mixed Platforms.ActiveCfg = Release|Any CPU
		{A41AD2E4-E5BF-4440-94C6-B582CB3F1C3E}.MSI Only|Mixed Platforms.Build.0 = Release|Any CPU
		{A41AD2E4-E5BF-4440-94C6-B582CB3F1C3E}.MSI Only|Win32.ActiveCfg = Release|Any CPU
		{A41AD2E4-E5BF-4440-94C6-B582CB3F1C3E}.MSI Only|Win32.Build.0 = Release|Any CPU
		{A41AD2E4-E5BF-4440-94C6-B582CB3F1C3E}.MSI Only|x86.ActiveCfg = Release|Any CPU
		{A41AD2E4-E5BF-4440-94C6-B582CB3F1C3E}.MSI Only|x86.Build.0 = Release|Any CPU
		{A41AD2E4-E5BF-4440-94C6-B582CB3F1C3E}.Release|.NET.ActiveCfg = Release|Any CPU
		{A41AD2E4-E5BF-4440-94C6-B582CB3F1C3E}.Release|.NET.Build.0 = Release|Any CPU
		{A41AD2E4-E5BF-4440-94C6-B582CB3F1C3E}.Release|Any CPU.ActiveCfg = Release|Any CPU
		{A41AD2E4-E5BF-4440-94C6-B582CB3F1C3E}.Release|Any CPU.Build.0 = Release|Any CPU
		{A41AD2E4-E5BF-4440-94C6-B582CB3F1C3E}.Release|Mixed Platforms.ActiveCfg = Release|Any CPU
		{A41AD2E4-E5BF-4440-94C6-B582CB3F1C3E}.Release|Mixed Platforms.Build.0 = Release|Any CPU
		{A41AD2E4-E5BF-4440-94C6-B582CB3F1C3E}.Release|Win32.ActiveCfg = Release|Any CPU
		{A41AD2E4-E5BF-4440-94C6-B582CB3F1C3E}.Release|Win32.Build.0 = Release|Any CPU
		{A41AD2E4-E5BF-4440-94C6-B582CB3F1C3E}.Release|x86.ActiveCfg = Release|Any CPU
		{A41AD2E4-E5BF-4440-94C6-B582CB3F1C3E}.Release|x86.Build.0 = Release|Any CPU
		{AADFE4DC-DB56-4B4B-820E-2ED66AF417E8}.Debug|.NET.ActiveCfg = Debug|Any CPU
		{AADFE4DC-DB56-4B4B-820E-2ED66AF417E8}.Debug|.NET.Build.0 = Debug|Any CPU
		{AADFE4DC-DB56-4B4B-820E-2ED66AF417E8}.Debug|Any CPU.ActiveCfg = Debug|Any CPU
		{AADFE4DC-DB56-4B4B-820E-2ED66AF417E8}.Debug|Any CPU.Build.0 = Debug|Any CPU
		{AADFE4DC-DB56-4B4B-820E-2ED66AF417E8}.Debug|Mixed Platforms.ActiveCfg = Debug|Any CPU
		{AADFE4DC-DB56-4B4B-820E-2ED66AF417E8}.Debug|Mixed Platforms.Build.0 = Debug|Any CPU
		{AADFE4DC-DB56-4B4B-820E-2ED66AF417E8}.Debug|Win32.ActiveCfg = Debug|Any CPU
		{AADFE4DC-DB56-4B4B-820E-2ED66AF417E8}.Debug|Win32.Build.0 = Debug|Any CPU
		{AADFE4DC-DB56-4B4B-820E-2ED66AF417E8}.Debug|x86.ActiveCfg = Debug|Any CPU
		{AADFE4DC-DB56-4B4B-820E-2ED66AF417E8}.Debug|x86.Build.0 = Debug|Any CPU
		{AADFE4DC-DB56-4B4B-820E-2ED66AF417E8}.Default|.NET.ActiveCfg = Debug|Any CPU
		{AADFE4DC-DB56-4B4B-820E-2ED66AF417E8}.Default|.NET.Build.0 = Debug|Any CPU
		{AADFE4DC-DB56-4B4B-820E-2ED66AF417E8}.Default|Any CPU.ActiveCfg = Debug|Any CPU
		{AADFE4DC-DB56-4B4B-820E-2ED66AF417E8}.Default|Any CPU.Build.0 = Debug|Any CPU
		{AADFE4DC-DB56-4B4B-820E-2ED66AF417E8}.Default|Mixed Platforms.ActiveCfg = Debug|Any CPU
		{AADFE4DC-DB56-4B4B-820E-2ED66AF417E8}.Default|Mixed Platforms.Build.0 = Debug|Any CPU
		{AADFE4DC-DB56-4B4B-820E-2ED66AF417E8}.Default|Win32.ActiveCfg = Debug|Any CPU
		{AADFE4DC-DB56-4B4B-820E-2ED66AF417E8}.Default|Win32.Build.0 = Debug|Any CPU
		{AADFE4DC-DB56-4B4B-820E-2ED66AF417E8}.Default|x86.ActiveCfg = Debug|Any CPU
		{AADFE4DC-DB56-4B4B-820E-2ED66AF417E8}.Default|x86.Build.0 = Debug|Any CPU
		{AADFE4DC-DB56-4B4B-820E-2ED66AF417E8}.MSI Only|.NET.ActiveCfg = Release|Any CPU
		{AADFE4DC-DB56-4B4B-820E-2ED66AF417E8}.MSI Only|.NET.Build.0 = Release|Any CPU
		{AADFE4DC-DB56-4B4B-820E-2ED66AF417E8}.MSI Only|Any CPU.ActiveCfg = Release|Any CPU
		{AADFE4DC-DB56-4B4B-820E-2ED66AF417E8}.MSI Only|Any CPU.Build.0 = Release|Any CPU
		{AADFE4DC-DB56-4B4B-820E-2ED66AF417E8}.MSI Only|Mixed Platforms.ActiveCfg = Release|Any CPU
		{AADFE4DC-DB56-4B4B-820E-2ED66AF417E8}.MSI Only|Mixed Platforms.Build.0 = Release|Any CPU
		{AADFE4DC-DB56-4B4B-820E-2ED66AF417E8}.MSI Only|Win32.ActiveCfg = Release|Any CPU
		{AADFE4DC-DB56-4B4B-820E-2ED66AF417E8}.MSI Only|Win32.Build.0 = Release|Any CPU
		{AADFE4DC-DB56-4B4B-820E-2ED66AF417E8}.MSI Only|x86.ActiveCfg = Release|Any CPU
		{AADFE4DC-DB56-4B4B-820E-2ED66AF417E8}.MSI Only|x86.Build.0 = Release|Any CPU
		{AADFE4DC-DB56-4B4B-820E-2ED66AF417E8}.Release|.NET.ActiveCfg = Release|Any CPU
		{AADFE4DC-DB56-4B4B-820E-2ED66AF417E8}.Release|.NET.Build.0 = Release|Any CPU
		{AADFE4DC-DB56-4B4B-820E-2ED66AF417E8}.Release|Any CPU.ActiveCfg = Release|Any CPU
		{AADFE4DC-DB56-4B4B-820E-2ED66AF417E8}.Release|Any CPU.Build.0 = Release|Any CPU
		{AADFE4DC-DB56-4B4B-820E-2ED66AF417E8}.Release|Mixed Platforms.ActiveCfg = Release|Any CPU
		{AADFE4DC-DB56-4B4B-820E-2ED66AF417E8}.Release|Mixed Platforms.Build.0 = Release|Any CPU
		{AADFE4DC-DB56-4B4B-820E-2ED66AF417E8}.Release|Win32.ActiveCfg = Release|Any CPU
		{AADFE4DC-DB56-4B4B-820E-2ED66AF417E8}.Release|Win32.Build.0 = Release|Any CPU
		{AADFE4DC-DB56-4B4B-820E-2ED66AF417E8}.Release|x86.ActiveCfg = Release|Any CPU
		{AADFE4DC-DB56-4B4B-820E-2ED66AF417E8}.Release|x86.Build.0 = Release|Any CPU
		{A2B9A650-C613-445C-BE0B-F10EAF5713D4}.Debug|.NET.ActiveCfg = Debug|Any CPU
		{A2B9A650-C613-445C-BE0B-F10EAF5713D4}.Debug|.NET.Build.0 = Debug|Any CPU
		{A2B9A650-C613-445C-BE0B-F10EAF5713D4}.Debug|Any CPU.ActiveCfg = Debug|Any CPU
		{A2B9A650-C613-445C-BE0B-F10EAF5713D4}.Debug|Any CPU.Build.0 = Debug|Any CPU
		{A2B9A650-C613-445C-BE0B-F10EAF5713D4}.Debug|Mixed Platforms.ActiveCfg = Debug|Any CPU
		{A2B9A650-C613-445C-BE0B-F10EAF5713D4}.Debug|Mixed Platforms.Build.0 = Debug|Any CPU
		{A2B9A650-C613-445C-BE0B-F10EAF5713D4}.Debug|Win32.ActiveCfg = Debug|Any CPU
		{A2B9A650-C613-445C-BE0B-F10EAF5713D4}.Debug|Win32.Build.0 = Debug|Any CPU
		{A2B9A650-C613-445C-BE0B-F10EAF5713D4}.Debug|x86.ActiveCfg = Debug|Any CPU
		{A2B9A650-C613-445C-BE0B-F10EAF5713D4}.Debug|x86.Build.0 = Debug|Any CPU
		{A2B9A650-C613-445C-BE0B-F10EAF5713D4}.Default|.NET.ActiveCfg = Debug|Any CPU
		{A2B9A650-C613-445C-BE0B-F10EAF5713D4}.Default|.NET.Build.0 = Debug|Any CPU
		{A2B9A650-C613-445C-BE0B-F10EAF5713D4}.Default|Any CPU.ActiveCfg = Debug|Any CPU
		{A2B9A650-C613-445C-BE0B-F10EAF5713D4}.Default|Any CPU.Build.0 = Debug|Any CPU
		{A2B9A650-C613-445C-BE0B-F10EAF5713D4}.Default|Mixed Platforms.ActiveCfg = Debug|Any CPU
		{A2B9A650-C613-445C-BE0B-F10EAF5713D4}.Default|Mixed Platforms.Build.0 = Debug|Any CPU
		{A2B9A650-C613-445C-BE0B-F10EAF5713D4}.Default|Win32.ActiveCfg = Debug|Any CPU
		{A2B9A650-C613-445C-BE0B-F10EAF5713D4}.Default|Win32.Build.0 = Debug|Any CPU
		{A2B9A650-C613-445C-BE0B-F10EAF5713D4}.Default|x86.ActiveCfg = Debug|Any CPU
		{A2B9A650-C613-445C-BE0B-F10EAF5713D4}.Default|x86.Build.0 = Debug|Any CPU
		{A2B9A650-C613-445C-BE0B-F10EAF5713D4}.MSI Only|.NET.ActiveCfg = Release|Any CPU
		{A2B9A650-C613-445C-BE0B-F10EAF5713D4}.MSI Only|.NET.Build.0 = Release|Any CPU
		{A2B9A650-C613-445C-BE0B-F10EAF5713D4}.MSI Only|Any CPU.ActiveCfg = Release|Any CPU
		{A2B9A650-C613-445C-BE0B-F10EAF5713D4}.MSI Only|Any CPU.Build.0 = Release|Any CPU
		{A2B9A650-C613-445C-BE0B-F10EAF5713D4}.MSI Only|Mixed Platforms.ActiveCfg = Release|Any CPU
		{A2B9A650-C613-445C-BE0B-F10EAF5713D4}.MSI Only|Mixed Platforms.Build.0 = Release|Any CPU
		{A2B9A650-C613-445C-BE0B-F10EAF5713D4}.MSI Only|Win32.ActiveCfg = Release|Any CPU
		{A2B9A650-C613-445C-BE0B-F10EAF5713D4}.MSI Only|Win32.Build.0 = Release|Any CPU
		{A2B9A650-C613-445C-BE0B-F10EAF5713D4}.MSI Only|x86.ActiveCfg = Release|Any CPU
		{A2B9A650-C613-445C-BE0B-F10EAF5713D4}.MSI Only|x86.Build.0 = Release|Any CPU
		{A2B9A650-C613-445C-BE0B-F10EAF5713D4}.Release|.NET.ActiveCfg = Release|Any CPU
		{A2B9A650-C613-445C-BE0B-F10EAF5713D4}.Release|.NET.Build.0 = Release|Any CPU
		{A2B9A650-C613-445C-BE0B-F10EAF5713D4}.Release|Any CPU.ActiveCfg = Release|Any CPU
		{A2B9A650-C613-445C-BE0B-F10EAF5713D4}.Release|Any CPU.Build.0 = Release|Any CPU
		{A2B9A650-C613-445C-BE0B-F10EAF5713D4}.Release|Mixed Platforms.ActiveCfg = Release|Any CPU
		{A2B9A650-C613-445C-BE0B-F10EAF5713D4}.Release|Mixed Platforms.Build.0 = Release|Any CPU
		{A2B9A650-C613-445C-BE0B-F10EAF5713D4}.Release|Win32.ActiveCfg = Release|Any CPU
		{A2B9A650-C613-445C-BE0B-F10EAF5713D4}.Release|Win32.Build.0 = Release|Any CPU
		{A2B9A650-C613-445C-BE0B-F10EAF5713D4}.Release|x86.ActiveCfg = Release|Any CPU
		{A2B9A650-C613-445C-BE0B-F10EAF5713D4}.Release|x86.Build.0 = Release|Any CPU
		{DC444171-994E-4245-A01D-372987791F77}.Debug|.NET.ActiveCfg = Debug|Any CPU
		{DC444171-994E-4245-A01D-372987791F77}.Debug|.NET.Build.0 = Debug|Any CPU
		{DC444171-994E-4245-A01D-372987791F77}.Debug|Any CPU.ActiveCfg = Debug|Any CPU
		{DC444171-994E-4245-A01D-372987791F77}.Debug|Any CPU.Build.0 = Debug|Any CPU
		{DC444171-994E-4245-A01D-372987791F77}.Debug|Mixed Platforms.ActiveCfg = Debug|Any CPU
		{DC444171-994E-4245-A01D-372987791F77}.Debug|Mixed Platforms.Build.0 = Debug|Any CPU
		{DC444171-994E-4245-A01D-372987791F77}.Debug|Win32.ActiveCfg = Debug|Any CPU
		{DC444171-994E-4245-A01D-372987791F77}.Debug|Win32.Build.0 = Debug|Any CPU
		{DC444171-994E-4245-A01D-372987791F77}.Debug|x86.ActiveCfg = Debug|Any CPU
		{DC444171-994E-4245-A01D-372987791F77}.Debug|x86.Build.0 = Debug|Any CPU
		{DC444171-994E-4245-A01D-372987791F77}.Default|.NET.ActiveCfg = Debug|Any CPU
		{DC444171-994E-4245-A01D-372987791F77}.Default|.NET.Build.0 = Debug|Any CPU
		{DC444171-994E-4245-A01D-372987791F77}.Default|Any CPU.ActiveCfg = Debug|Any CPU
		{DC444171-994E-4245-A01D-372987791F77}.Default|Any CPU.Build.0 = Debug|Any CPU
		{DC444171-994E-4245-A01D-372987791F77}.Default|Mixed Platforms.ActiveCfg = Debug|Any CPU
		{DC444171-994E-4245-A01D-372987791F77}.Default|Mixed Platforms.Build.0 = Debug|Any CPU
		{DC444171-994E-4245-A01D-372987791F77}.Default|Win32.ActiveCfg = Debug|Any CPU
		{DC444171-994E-4245-A01D-372987791F77}.Default|Win32.Build.0 = Debug|Any CPU
		{DC444171-994E-4245-A01D-372987791F77}.Default|x86.ActiveCfg = Debug|Any CPU
		{DC444171-994E-4245-A01D-372987791F77}.Default|x86.Build.0 = Debug|Any CPU
		{DC444171-994E-4245-A01D-372987791F77}.MSI Only|.NET.ActiveCfg = Release|Any CPU
		{DC444171-994E-4245-A01D-372987791F77}.MSI Only|.NET.Build.0 = Release|Any CPU
		{DC444171-994E-4245-A01D-372987791F77}.MSI Only|Any CPU.ActiveCfg = Release|Any CPU
		{DC444171-994E-4245-A01D-372987791F77}.MSI Only|Any CPU.Build.0 = Release|Any CPU
		{DC444171-994E-4245-A01D-372987791F77}.MSI Only|Mixed Platforms.ActiveCfg = Release|Any CPU
		{DC444171-994E-4245-A01D-372987791F77}.MSI Only|Mixed Platforms.Build.0 = Release|Any CPU
		{DC444171-994E-4245-A01D-372987791F77}.MSI Only|Win32.ActiveCfg = Release|Any CPU
		{DC444171-994E-4245-A01D-372987791F77}.MSI Only|Win32.Build.0 = Release|Any CPU
		{DC444171-994E-4245-A01D-372987791F77}.MSI Only|x86.ActiveCfg = Release|Any CPU
		{DC444171-994E-4245-A01D-372987791F77}.MSI Only|x86.Build.0 = Release|Any CPU
		{DC444171-994E-4245-A01D-372987791F77}.Release|.NET.ActiveCfg = Release|Any CPU
		{DC444171-994E-4245-A01D-372987791F77}.Release|.NET.Build.0 = Release|Any CPU
		{DC444171-994E-4245-A01D-372987791F77}.Release|Any CPU.ActiveCfg = Release|Any CPU
		{DC444171-994E-4245-A01D-372987791F77}.Release|Any CPU.Build.0 = Release|Any CPU
		{DC444171-994E-4245-A01D-372987791F77}.Release|Mixed Platforms.ActiveCfg = Release|Any CPU
		{DC444171-994E-4245-A01D-372987791F77}.Release|Mixed Platforms.Build.0 = Release|Any CPU
		{DC444171-994E-4245-A01D-372987791F77}.Release|Win32.ActiveCfg = Release|Any CPU
		{DC444171-994E-4245-A01D-372987791F77}.Release|Win32.Build.0 = Release|Any CPU
		{DC444171-994E-4245-A01D-372987791F77}.Release|x86.ActiveCfg = Release|Any CPU
		{DC444171-994E-4245-A01D-372987791F77}.Release|x86.Build.0 = Release|Any CPU
		{6A5A86D1-0A4B-469C-B740-9D45808D84F3}.Debug|.NET.ActiveCfg = Debug|Any CPU
		{6A5A86D1-0A4B-469C-B740-9D45808D84F3}.Debug|.NET.Build.0 = Debug|Any CPU
		{6A5A86D1-0A4B-469C-B740-9D45808D84F3}.Debug|Any CPU.ActiveCfg = Debug|Any CPU
		{6A5A86D1-0A4B-469C-B740-9D45808D84F3}.Debug|Any CPU.Build.0 = Debug|Any CPU
		{6A5A86D1-0A4B-469C-B740-9D45808D84F3}.Debug|Mixed Platforms.ActiveCfg = Debug|Any CPU
		{6A5A86D1-0A4B-469C-B740-9D45808D84F3}.Debug|Mixed Platforms.Build.0 = Debug|Any CPU
		{6A5A86D1-0A4B-469C-B740-9D45808D84F3}.Debug|Win32.ActiveCfg = Debug|Any CPU
		{6A5A86D1-0A4B-469C-B740-9D45808D84F3}.Debug|Win32.Build.0 = Debug|Any CPU
		{6A5A86D1-0A4B-469C-B740-9D45808D84F3}.Debug|x86.ActiveCfg = Debug|Any CPU
		{6A5A86D1-0A4B-469C-B740-9D45808D84F3}.Debug|x86.Build.0 = Debug|Any CPU
		{6A5A86D1-0A4B-469C-B740-9D45808D84F3}.Default|.NET.ActiveCfg = Debug|Any CPU
		{6A5A86D1-0A4B-469C-B740-9D45808D84F3}.Default|.NET.Build.0 = Debug|Any CPU
		{6A5A86D1-0A4B-469C-B740-9D45808D84F3}.Default|Any CPU.ActiveCfg = Debug|Any CPU
		{6A5A86D1-0A4B-469C-B740-9D45808D84F3}.Default|Any CPU.Build.0 = Debug|Any CPU
		{6A5A86D1-0A4B-469C-B740-9D45808D84F3}.Default|Mixed Platforms.ActiveCfg = Debug|Any CPU
		{6A5A86D1-0A4B-469C-B740-9D45808D84F3}.Default|Mixed Platforms.Build.0 = Debug|Any CPU
		{6A5A86D1-0A4B-469C-B740-9D45808D84F3}.Default|Win32.ActiveCfg = Debug|Any CPU
		{6A5A86D1-0A4B-469C-B740-9D45808D84F3}.Default|Win32.Build.0 = Debug|Any CPU
		{6A5A86D1-0A4B-469C-B740-9D45808D84F3}.Default|x86.ActiveCfg = Debug|Any CPU
		{6A5A86D1-0A4B-469C-B740-9D45808D84F3}.Default|x86.Build.0 = Debug|Any CPU
		{6A5A86D1-0A4B-469C-B740-9D45808D84F3}.MSI Only|.NET.ActiveCfg = Release|Any CPU
		{6A5A86D1-0A4B-469C-B740-9D45808D84F3}.MSI Only|.NET.Build.0 = Release|Any CPU
		{6A5A86D1-0A4B-469C-B740-9D45808D84F3}.MSI Only|Any CPU.ActiveCfg = Release|Any CPU
		{6A5A86D1-0A4B-469C-B740-9D45808D84F3}.MSI Only|Any CPU.Build.0 = Release|Any CPU
		{6A5A86D1-0A4B-469C-B740-9D45808D84F3}.MSI Only|Mixed Platforms.ActiveCfg = Release|Any CPU
		{6A5A86D1-0A4B-469C-B740-9D45808D84F3}.MSI Only|Mixed Platforms.Build.0 = Release|Any CPU
		{6A5A86D1-0A4B-469C-B740-9D45808D84F3}.MSI Only|Win32.ActiveCfg = Release|Any CPU
		{6A5A86D1-0A4B-469C-B740-9D45808D84F3}.MSI Only|Win32.Build.0 = Release|Any CPU
		{6A5A86D1-0A4B-469C-B740-9D45808D84F3}.MSI Only|x86.ActiveCfg = Release|Any CPU
		{6A5A86D1-0A4B-469C-B740-9D45808D84F3}.MSI Only|x86.Build.0 = Release|Any CPU
		{6A5A86D1-0A4B-469C-B740-9D45808D84F3}.Release|.NET.ActiveCfg = Release|Any CPU
		{6A5A86D1-0A4B-469C-B740-9D45808D84F3}.Release|.NET.Build.0 = Release|Any CPU
		{6A5A86D1-0A4B-469C-B740-9D45808D84F3}.Release|Any CPU.ActiveCfg = Release|Any CPU
		{6A5A86D1-0A4B-469C-B740-9D45808D84F3}.Release|Any CPU.Build.0 = Release|Any CPU
		{6A5A86D1-0A4B-469C-B740-9D45808D84F3}.Release|Mixed Platforms.ActiveCfg = Release|Any CPU
		{6A5A86D1-0A4B-469C-B740-9D45808D84F3}.Release|Mixed Platforms.Build.0 = Release|Any CPU
		{6A5A86D1-0A4B-469C-B740-9D45808D84F3}.Release|Win32.ActiveCfg = Release|Any CPU
		{6A5A86D1-0A4B-469C-B740-9D45808D84F3}.Release|Win32.Build.0 = Release|Any CPU
		{6A5A86D1-0A4B-469C-B740-9D45808D84F3}.Release|x86.ActiveCfg = Release|Any CPU
		{6A5A86D1-0A4B-469C-B740-9D45808D84F3}.Release|x86.Build.0 = Release|Any CPU
	EndGlobalSection
	GlobalSection(SolutionProperties) = preSolution
		HideSolutionNode = FALSE
	EndGlobalSection
	GlobalSection(NestedProjects) = preSolution
		{AD25BE24-8A42-44E0-9588-3767F572C338} = {FA898198-2E8D-4145-A46A-0BD4C550898A}
		{898CBDAE-617F-4EAB-95B2-592443ACBCF4} = {0429B160-F2E6-40E2-99C1-C56CEB83812A}
		{304AE7FC-D45A-4B9B-B070-8579FEAFD3EF} = {16C4F7D2-A08C-42B3-8949-E6738A2D8254}
		{49CB5903-F446-4926-8FDA-3AB96DFEE099} = {FA898198-2E8D-4145-A46A-0BD4C550898A}
		{A41AD2E4-E5BF-4440-94C6-B582CB3F1C3E} = {A6152E38-F30F-402C-A311-7FC87276A134}
		{AADFE4DC-DB56-4B4B-820E-2ED66AF417E8} = {FA898198-2E8D-4145-A46A-0BD4C550898A}
		{A2B9A650-C613-445C-BE0B-F10EAF5713D4} = {0429B160-F2E6-40E2-99C1-C56CEB83812A}
		{DC444171-994E-4245-A01D-372987791F77} = {0429B160-F2E6-40E2-99C1-C56CEB83812A}
		{6A5A86D1-0A4B-469C-B740-9D45808D84F3} = {0429B160-F2E6-40E2-99C1-C56CEB83812A}
	EndGlobalSection
	GlobalSection(ExtensibilityGlobals) = postSolution
		SolutionGuid = {B2379937-1B22-4E0A-AEEF-28E12EDAFDC7}
		EnterpriseLibraryConfigurationToolBinariesPath = packages\Unity.2.1.505.0\lib\NET35;packages\Unity.Interception.2.1.505.0\lib\NET35;packages\EnterpriseLibrary.Common.5.0.505.0\lib\NET35;packages\EnterpriseLibrary.Security.Cryptography.5.0.505.0\lib\NET35
	EndGlobalSection
	GlobalSection(TextTemplating) = postSolution
		TextTemplating = 1
	EndGlobalSection
	GlobalSection(NDepend) = preSolution
		Project = ".\NetSqlAzMan_Solution.ndproj"
	EndGlobalSection
EndGlobal
