
Microsoft Visual Studio Solution File, Format Version 12.00
# Visual Studio 2013
VisualStudioVersion = 12.0.40629.0
MinimumVisualStudioVersion = 10.0.40219.1
Project("{FAE04EC0-301F-11D3-BF4B-00C04F79EFBC}") = "AzManCommon", "AzManCommon\AzManCommon.csproj", "{57FB96F1-E70B-4E00-B0AE-4A7FE567F00E}"
EndProject
Project("{FAE04EC0-301F-11D3-BF4B-00C04F79EFBC}") = "AzManWinFormApps", "AzManWinFormApps\AzManWinFormApps.csproj", "{2EE74DA2-7EA8-4F22-9538-A8EE3F10C842}"
EndProject
Project("{FAE04EC0-301F-11D3-BF4B-00C04F79EFBC}") = "AzManWebFormApps", "AzManWebFormApps\AzManWebFormApps.csproj", "{63217E43-A635-4BDD-BB14-B6258D88231F}"
EndProject
Global
	GlobalSection(SolutionConfigurationPlatforms) = preSolution
		Debug|Any CPU = Debug|Any CPU
		Release|Any CPU = Release|Any CPU
	EndGlobalSection
	GlobalSection(ProjectConfigurationPlatforms) = postSolution
		{57FB96F1-E70B-4E00-B0AE-4A7FE567F00E}.Debug|Any CPU.ActiveCfg = Debug|Any CPU
		{57FB96F1-E70B-4E00-B0AE-4A7FE567F00E}.Debug|Any CPU.Build.0 = Debug|Any CPU
		{57FB96F1-E70B-4E00-B0AE-4A7FE567F00E}.Release|Any CPU.ActiveCfg = Release|Any CPU
		{57FB96F1-E70B-4E00-B0AE-4A7FE567F00E}.Release|Any CPU.Build.0 = Release|Any CPU
		{2EE74DA2-7EA8-4F22-9538-A8EE3F10C842}.Debug|Any CPU.ActiveCfg = Debug|Any CPU
		{2EE74DA2-7EA8-4F22-9538-A8EE3F10C842}.Debug|Any CPU.Build.0 = Debug|Any CPU
		{2EE74DA2-7EA8-4F22-9538-A8EE3F10C842}.Release|Any CPU.ActiveCfg = Release|Any CPU
		{2EE74DA2-7EA8-4F22-9538-A8EE3F10C842}.Release|Any CPU.Build.0 = Release|Any CPU
		{63217E43-A635-4BDD-BB14-B6258D88231F}.Debug|Any CPU.ActiveCfg = Debug|Any CPU
		{63217E43-A635-4BDD-BB14-B6258D88231F}.Debug|Any CPU.Build.0 = Debug|Any CPU
		{63217E43-A635-4BDD-BB14-B6258D88231F}.Release|Any CPU.ActiveCfg = Release|Any CPU
		{63217E43-A635-4BDD-BB14-B6258D88231F}.Release|Any CPU.Build.0 = Release|Any CPU
	EndGlobalSection
	GlobalSection(SolutionProperties) = preSolution
		HideSolutionNode = FALSE
	EndGlobalSection
EndGlobal
